
Microsoft Visual Studio Solution File, Format Version 12.00
# Visual Studio Version 17
VisualStudioVersion = 17.8.34330.188
MinimumVisualStudioVersion = 10.0.40219.1
Project("{9A19103F-16F7-4668-BE54-9A1E7A4F7556}") = "NZWalks.API", "NZWalks.API\NZWalks.API.csproj", "{BADD7AD8-FB46-42F8-BED8-220B84B24831}"
EndProject
Project("{FAE04EC0-301F-11D3-BF4B-00C04F79EFBC}") = "NZWalks.UI", "NZWalks.UI\NZWalks.UI.csproj", "{98181C18-0DC6-484E-9279-476CF05E8CA7}"
EndProject
Global
	GlobalSection(SolutionConfigurationPlatforms) = preSolution
		Debug|Any CPU = Debug|Any CPU
		Release|Any CPU = Release|Any CPU
	EndGlobalSection
	GlobalSection(ProjectConfigurationPlatforms) = postSolution
		{BADD7AD8-FB46-42F8-BED8-220B84B24831}.Debug|Any CPU.ActiveCfg = Debug|Any CPU
		{BADD7AD8-FB46-42F8-BED8-220B84B24831}.Debug|Any CPU.Build.0 = Debug|Any CPU
		{BADD7AD8-FB46-42F8-BED8-220B84B24831}.Release|Any CPU.ActiveCfg = Release|Any CPU
		{BADD7AD8-FB46-42F8-BED8-220B84B24831}.Release|Any CPU.Build.0 = Release|Any CPU
		{98181C18-0DC6-484E-9279-476CF05E8CA7}.Debug|Any CPU.ActiveCfg = Debug|Any CPU
		{98181C18-0DC6-484E-9279-476CF05E8CA7}.Debug|Any CPU.Build.0 = Debug|Any CPU
		{98181C18-0DC6-484E-9279-476CF05E8CA7}.Release|Any CPU.ActiveCfg = Release|Any CPU
		{98181C18-0DC6-484E-9279-476CF05E8CA7}.Release|Any CPU.Build.0 = Release|Any CPU
	EndGlobalSection
	GlobalSection(SolutionProperties) = preSolution
		HideSolutionNode = FALSE
	EndGlobalSection
	GlobalSection(ExtensibilityGlobals) = postSolution
		SolutionGuid = {102AD470-6BF1-4F24-8BCC-9E89B5AFA606}
	EndGlobalSection
EndGlobal
